
Microsoft Visual Studio Solution File, Format Version 12.00
# Visual Studio Version 17
VisualStudioVersion = 17.6.33829.357
MinimumVisualStudioVersion = 10.0.40219.1
Project("{54A90642-561A-4BB1-A94E-469ADEE60C69}") = "RistoranteTemplate01", "RistoranteTemplate01\RistoranteTemplate01.esproj", "{0C681184-277B-4248-9EA1-8A00C84496DB}"
EndProject
Global
	GlobalSection(SolutionConfigurationPlatforms) = preSolution
		Debug|Any CPU = Debug|Any CPU
		Release|Any CPU = Release|Any CPU
	EndGlobalSection
	GlobalSection(ProjectConfigurationPlatforms) = postSolution
		{0C681184-277B-4248-9EA1-8A00C84496DB}.Debug|Any CPU.ActiveCfg = Debug|Any CPU
		{0C681184-277B-4248-9EA1-8A00C84496DB}.Debug|Any CPU.Build.0 = Debug|Any CPU
		{0C681184-277B-4248-9EA1-8A00C84496DB}.Debug|Any CPU.Deploy.0 = Debug|Any CPU
		{0C681184-277B-4248-9EA1-8A00C84496DB}.Release|Any CPU.ActiveCfg = Release|Any CPU
		{0C681184-277B-4248-9EA1-8A00C84496DB}.Release|Any CPU.Build.0 = Release|Any CPU
		{0C681184-277B-4248-9EA1-8A00C84496DB}.Release|Any CPU.Deploy.0 = Release|Any CPU
	EndGlobalSection
	GlobalSection(SolutionProperties) = preSolution
		HideSolutionNode = FALSE
	EndGlobalSection
	GlobalSection(ExtensibilityGlobals) = postSolution
		SolutionGuid = {C2BC76F4-D620-490D-9C05-6DF9FFCAEC6B}
	EndGlobalSection
EndGlobal
